// !$*UTF8*$!
{
	archiveVersion = 1;
	classes = {};
	objectVersion = 77;
	objects = {
		A001 /* App */ = {isa = PBXFileReference; explicitFileType = wrapper.application; path = VoiceWritingAssistant.app; sourceTree = BUILT_PRODUCTS_DIR; };
		A002 /* App */ = {isa = PBXFileSystemSynchronizedRootGroup; exceptions = (); explicitFileTypes = {}; explicitFolders = (); path = App; sourceTree = "<group>"; };
		A016 /* Models */ = {isa = PBXFileSystemSynchronizedRootGroup; exceptions = (); explicitFileTypes = {}; explicitFolders = (); path = Models; sourceTree = "<group>"; };
		A017 /* Audio */ = {isa = PBXFileSystemSynchronizedRootGroup; exceptions = (); explicitFileTypes = {}; explicitFolders = (); path = Audio; sourceTree = "<group>"; };
		A018 /* Paste */ = {isa = PBXFileSystemSynchronizedRootGroup; exceptions = (); explicitFileTypes = {}; explicitFolders = (); path = Paste; sourceTree = "<group>"; };
		A019 /* Shortcuts */ = {isa = PBXFileSystemSynchronizedRootGroup; exceptions = (); explicitFileTypes = {}; explicitFolders = (); path = Shortcuts; sourceTree = "<group>"; };
		A020 /* Views */ = {isa = PBXFileSystemSynchronizedRootGroup; exceptions = (); explicitFileTypes = {}; explicitFolders = (); path = Views; sourceTree = "<group>"; };
		A024 /* Tests */ = {isa = PBXFileSystemSynchronizedRootGroup; exceptions = (); explicitFileTypes = {}; explicitFolders = (); path = Tests; sourceTree = "<group>"; };
		A038 /* STT */ = {isa = PBXFileSystemSynchronizedRootGroup; exceptions = (); explicitFileTypes = {}; explicitFolders = (); path = STT; sourceTree = "<group>"; };
		A039 /* Context */ = {isa = PBXFileSystemSynchronizedRootGroup; exceptions = (); explicitFileTypes = {}; explicitFolders = (); path = Context; sourceTree = "<group>"; };
		A040 /* Processing */ = {isa = PBXFileSystemSynchronizedRootGroup; exceptions = (); explicitFileTypes = {}; explicitFolders = (); path = Processing; sourceTree = "<group>"; };
		A041 /* Language */ = {isa = PBXFileSystemSynchronizedRootGroup; exceptions = (); explicitFileTypes = {}; explicitFolders = (); path = Language; sourceTree = "<group>"; };
		A042 /* Storage */ = {isa = PBXFileSystemSynchronizedRootGroup; exceptions = (); explicitFileTypes = {}; explicitFolders = (); path = Storage; sourceTree = "<group>"; };
		A043 /* Utilities */ = {isa = PBXFileSystemSynchronizedRootGroup; exceptions = (); explicitFileTypes = {}; explicitFolders = (); path = Utilities; sourceTree = "<group>"; };
		A025 /* VoiceWritingAssistantTests.xctest */ = {isa = PBXFileReference; explicitFileType = wrapper.cfbundle; path = VoiceWritingAssistantTests.xctest; sourceTree = BUILT_PRODUCTS_DIR; };
		A003 /* Products */ = {isa = PBXGroup; children = (A001 /* App */, A025 /* VoiceWritingAssistantTests.xctest */,); name = Products; sourceTree = "<group>"; };
		A004 /* Main group */ = {isa = PBXGroup; children = (A002 /* App */, A016 /* Models */, A017 /* Audio */, A038 /* STT */, A039 /* Context */, A040 /* Processing */, A041 /* Language */, A018 /* Paste */, A019 /* Shortcuts */, A042 /* Storage */, A043 /* Utilities */, A020 /* Views */, A024 /* Tests */, A003 /* Products */); sourceTree = "<group>"; };
		A005 /* Sources */ = {isa = PBXSourcesBuildPhase; buildActionMask = 2147483647; files = (); runOnlyForDeploymentPostprocessing = 0; };
		A006 /* Frameworks */ = {isa = PBXFrameworksBuildPhase; buildActionMask = 2147483647; files = (A021 /* WhisperKit in Frameworks */, A035 /* FluidAudio in Frameworks */,); runOnlyForDeploymentPostprocessing = 0; };
		A021 /* WhisperKit in Frameworks */ = {isa = PBXBuildFile; productRef = A022 /* WhisperKit */; };
		A022 /* WhisperKit */ = {isa = XCSwiftPackageProductDependency; package = A023 /* XCRemoteSwiftPackageReference \"argmax-oss-swift\" */; productName = WhisperKit; };
		A023 /* XCRemoteSwiftPackageReference \"argmax-oss-swift\" */ = {isa = XCRemoteSwiftPackageReference; repositoryURL = "https://github.com/argmaxinc/argmax-oss-swift.git"; requirement = { kind = upToNextMajorVersion; minimumVersion = 1.0.0; }; };
		A035 /* FluidAudio in Frameworks */ = {isa = PBXBuildFile; productRef = A036 /* FluidAudio */; };
		A036 /* FluidAudio */ = {isa = XCSwiftPackageProductDependency; package = A037 /* XCRemoteSwiftPackageReference \"FluidAudio\" */; productName = FluidAudio; };
		A037 /* XCRemoteSwiftPackageReference \"FluidAudio\" */ = {isa = XCRemoteSwiftPackageReference; repositoryURL = "https://github.com/FluidInference/FluidAudio.git"; requirement = { kind = upToNextMajorVersion; minimumVersion = 0.12.4; }; };
		A007 /* Resources */ = {isa = PBXResourcesBuildPhase; buildActionMask = 2147483647; files = (); runOnlyForDeploymentPostprocessing = 0; };
		A026 /* Test Sources */ = {isa = PBXSourcesBuildPhase; buildActionMask = 2147483647; files = (); runOnlyForDeploymentPostprocessing = 0; };
		A027 /* Test Frameworks */ = {isa = PBXFrameworksBuildPhase; buildActionMask = 2147483647; files = (); runOnlyForDeploymentPostprocessing = 0; };
		A008 /* Target */ = {isa = PBXNativeTarget; buildConfigurationList = A009; buildPhases = (A005, A006, A007); buildRules = (); dependencies = (); fileSystemSynchronizedGroups = (A002, A016, A017, A038, A039, A040, A041, A018, A019, A042, A043, A020); packageProductDependencies = (A022 /* WhisperKit */, A036 /* FluidAudio */,); name = VoiceWritingAssistant; productName = VoiceWritingAssistant; productReference = A001; productType = "com.apple.product-type.application"; };
		A028 /* Test Target */ = {isa = PBXNativeTarget; buildConfigurationList = A029; buildPhases = (A026, A027); buildRules = (); dependencies = (A033,); fileSystemSynchronizedGroups = (A024,); name = VoiceWritingAssistantTests; productName = VoiceWritingAssistantTests; productReference = A025; productType = "com.apple.product-type.bundle.unit-test"; };
		A009 = {isa = XCConfigurationList; buildConfigurations = (A010, A011); defaultConfigurationIsVisible = 0; defaultConfigurationName = Release; };
		A012 = {isa = XCConfigurationList; buildConfigurations = (A013, A014); defaultConfigurationIsVisible = 0; defaultConfigurationName = Release; };
		A010 = {isa = XCBuildConfiguration; buildSettings = {CODE_SIGN_IDENTITY = 5988F1B137CE799D6E5E71F11547112F4C49DC83; CODE_SIGN_STYLE = Manual; COMBINE_HIDPI_IMAGES = YES; MACOSX_DEPLOYMENT_TARGET = 14.0; PRODUCT_BUNDLE_IDENTIFIER = com.zerotype.local; PRODUCT_NAME = VoiceWritingAssistant; SWIFT_VERSION = 5.0; GENERATE_INFOPLIST_FILE = NO; INFOPLIST_FILE = Info.plist;}; name = Debug; };
		A011 = {isa = XCBuildConfiguration; buildSettings = {CODE_SIGN_IDENTITY = 5988F1B137CE799D6E5E71F11547112F4C49DC83; CODE_SIGN_STYLE = Manual; COMBINE_HIDPI_IMAGES = YES; MACOSX_DEPLOYMENT_TARGET = 14.0; PRODUCT_BUNDLE_IDENTIFIER = com.zerotype.local; PRODUCT_NAME = VoiceWritingAssistant; SWIFT_VERSION = 5.0; GENERATE_INFOPLIST_FILE = NO; INFOPLIST_FILE = Info.plist;}; name = Release; };
		A013 = {isa = XCBuildConfiguration; buildSettings = {MACOSX_DEPLOYMENT_TARGET = 14.0;}; name = Debug; };
		A014 = {isa = XCBuildConfiguration; buildSettings = {MACOSX_DEPLOYMENT_TARGET = 14.0;}; name = Release; };
		A029 = {isa = XCConfigurationList; buildConfigurations = (A030, A031); defaultConfigurationIsVisible = 0; defaultConfigurationName = Release; };
		A030 = {isa = XCBuildConfiguration; buildSettings = {BUNDLE_LOADER = "$(TEST_HOST)"; GENERATE_INFOPLIST_FILE = YES; MACOSX_DEPLOYMENT_TARGET = 14.0; PRODUCT_BUNDLE_IDENTIFIER = com.zerotype.local.tests; SWIFT_VERSION = 5.0; TEST_HOST = "$(BUILT_PRODUCTS_DIR)/VoiceWritingAssistant.app/Contents/MacOS/VoiceWritingAssistant";}; name = Debug; };
		A031 = {isa = XCBuildConfiguration; buildSettings = {BUNDLE_LOADER = "$(TEST_HOST)"; GENERATE_INFOPLIST_FILE = YES; MACOSX_DEPLOYMENT_TARGET = 14.0; PRODUCT_BUNDLE_IDENTIFIER = com.zerotype.local.tests; SWIFT_VERSION = 5.0; TEST_HOST = "$(BUILT_PRODUCTS_DIR)/VoiceWritingAssistant.app/Contents/MacOS/VoiceWritingAssistant";}; name = Release; };
		A032 = {isa = PBXContainerItemProxy; containerPortal = A015; proxyType = 1; remoteGlobalIDString = A008; remoteInfo = VoiceWritingAssistant; };
		A033 = {isa = PBXTargetDependency; target = A008; targetProxy = A032; };
		A015 = {isa = PBXProject; attributes = {LastUpgradeCheck = 2600; TargetAttributes = { A028 = { CreatedOnToolsVersion = 2600; TestTargetID = A008; }; };}; buildConfigurationList = A012; compatibilityVersion = "Xcode 16.0"; developmentRegion = en; hasScannedForEncodings = 0; knownRegions = (en, Base); mainGroup = A004; packageReferences = (A023 /* XCRemoteSwiftPackageReference \"argmax-oss-swift\" */, A037 /* XCRemoteSwiftPackageReference \"FluidAudio\" */,); productRefGroup = A003; projectDirPath = ""; projectRoot = ""; targets = (A008, A028); };
	};
	rootObject = A015;
}
